
Microsoft Visual Studio Solution File, Format Version 12.00
# Visual Studio 15
VisualStudioVersion = 15.0.28010.2036
MinimumVisualStudioVersion = 10.0.40219.1
Project("{FAE04EC0-301F-11D3-BF4B-00C04F79EFBC}") = "harcocska", "harcocska\harcocska.csproj", "{AFFCED9E-974A-441D-B720-9B2AE8631CB7}"
EndProject
Project("{FAE04EC0-301F-11D3-BF4B-00C04F79EFBC}") = "HarcocskaLib", "HarcocskaLib\HarcocskaLib.csproj", "{D247B1D6-7748-4747-BFAF-A15758CF0141}"
EndProject
Global
	GlobalSection(SolutionConfigurationPlatforms) = preSolution
		Debug|Any CPU = Debug|Any CPU
		Release|Any CPU = Release|Any CPU
	EndGlobalSection
	GlobalSection(ProjectConfigurationPlatforms) = postSolution
		{AFFCED9E-974A-441D-B720-9B2AE8631CB7}.Debug|Any CPU.ActiveCfg = Debug|Any CPU
		{AFFCED9E-974A-441D-B720-9B2AE8631CB7}.Debug|Any CPU.Build.0 = Debug|Any CPU
		{AFFCED9E-974A-441D-B720-9B2AE8631CB7}.Release|Any CPU.ActiveCfg = Release|Any CPU
		{AFFCED9E-974A-441D-B720-9B2AE8631CB7}.Release|Any CPU.Build.0 = Release|Any CPU
		{D247B1D6-7748-4747-BFAF-A15758CF0141}.Debug|Any CPU.ActiveCfg = Debug|Any CPU
		{D247B1D6-7748-4747-BFAF-A15758CF0141}.Debug|Any CPU.Build.0 = Debug|Any CPU
		{D247B1D6-7748-4747-BFAF-A15758CF0141}.Release|Any CPU.ActiveCfg = Release|Any CPU
		{D247B1D6-7748-4747-BFAF-A15758CF0141}.Release|Any CPU.Build.0 = Release|Any CPU
	EndGlobalSection
	GlobalSection(SolutionProperties) = preSolution
		HideSolutionNode = FALSE
	EndGlobalSection
	GlobalSection(ExtensibilityGlobals) = postSolution
		SolutionGuid = {A30ABBA6-17FF-46BC-ABA1-A7C222D022A3}
	EndGlobalSection
EndGlobal
